
Microsoft Visual Studio Solution File, Format Version 12.00
# Visual Studio 15
VisualStudioVersion = 15.0.28307.779
MinimumVisualStudioVersion = 10.0.40219.1
Project("{FAE04EC0-301F-11D3-BF4B-00C04F79EFBC}") = "exposing_demo", "exposing_demo\exposing_demo.csproj", "{958EAF95-13E4-437E-843E-79C3A25F021F}"
EndProject
Global
	GlobalSection(SolutionConfigurationPlatforms) = preSolution
		Debug|Any CPU = Debug|Any CPU
		Release|Any CPU = Release|Any CPU
	EndGlobalSection
	GlobalSection(ProjectConfigurationPlatforms) = postSolution
		{958EAF95-13E4-437E-843E-79C3A25F021F}.Debug|Any CPU.ActiveCfg = Debug|Any CPU
		{958EAF95-13E4-437E-843E-79C3A25F021F}.Debug|Any CPU.Build.0 = Debug|Any CPU
		{958EAF95-13E4-437E-843E-79C3A25F021F}.Release|Any CPU.ActiveCfg = Release|Any CPU
		{958EAF95-13E4-437E-843E-79C3A25F021F}.Release|Any CPU.Build.0 = Release|Any CPU
	EndGlobalSection
	GlobalSection(SolutionProperties) = preSolution
		HideSolutionNode = FALSE
	EndGlobalSection
	GlobalSection(ExtensibilityGlobals) = postSolution
		SolutionGuid = {ADB1D8F2-D373-4506-B327-C04E89A201EC}
	EndGlobalSection
EndGlobal
