
Microsoft Visual Studio Solution File, Format Version 12.00
# Visual Studio 15
VisualStudioVersion = 15.0.28307.779
MinimumVisualStudioVersion = 10.0.40219.1
Project("{FAE04EC0-301F-11D3-BF4B-00C04F79EFBC}") = "exposing_demo2", "exposing_demo2\exposing_demo2.csproj", "{153DC8AE-708D-4D57-AC55-FD406667BF59}"
EndProject
Global
	GlobalSection(SolutionConfigurationPlatforms) = preSolution
		Debug|Any CPU = Debug|Any CPU
		Release|Any CPU = Release|Any CPU
	EndGlobalSection
	GlobalSection(ProjectConfigurationPlatforms) = postSolution
		{153DC8AE-708D-4D57-AC55-FD406667BF59}.Debug|Any CPU.ActiveCfg = Debug|Any CPU
		{153DC8AE-708D-4D57-AC55-FD406667BF59}.Debug|Any CPU.Build.0 = Debug|Any CPU
		{153DC8AE-708D-4D57-AC55-FD406667BF59}.Release|Any CPU.ActiveCfg = Release|Any CPU
		{153DC8AE-708D-4D57-AC55-FD406667BF59}.Release|Any CPU.Build.0 = Release|Any CPU
	EndGlobalSection
	GlobalSection(SolutionProperties) = preSolution
		HideSolutionNode = FALSE
	EndGlobalSection
	GlobalSection(ExtensibilityGlobals) = postSolution
		SolutionGuid = {5167860E-2538-491E-BE65-DF8AFC6BDBA4}
	EndGlobalSection
EndGlobal
